{
  "object": {
    "pins": [
      {
        "package": "TransifexNative",
        "repositoryURL": "https://github.com/transifex/transifex-swift/",
        "state": {
          "branch": "devel",
          "revision": "65addbcfdbe5d8a85868d68af3765bb25ea8f905",
          "version": null
        }
      }
    ]
  },
  "version": 1
}
