{
  "object": {
    "pins": [
      {
        "package": "TransifexNative",
        "repositoryURL": "https://github.com/transifex/transifex-swift/",
        "state": {
          "branch": "stelios/swizzler",
          "revision": "3057950a057233201ec0ba6f496b69d9cb173d77",
          "version": null
        }
      }
    ]
  },
  "version": 1
}
