{
  "object": {
    "pins": [
      {
        "package": "TransifexNative",
        "repositoryURL": "https://github.com/transifex/transifex-swift/",
        "state": {
          "branch": "devel",
          "revision": "bf1af196e20ecaf8cd9304efdceb6b562f71f25b",
          "version": null
        }
      }
    ]
  },
  "version": 1
}
